
Microsoft Visual Studio Solution File, Format Version 12.00
# Visual Studio Version 17
VisualStudioVersion = 17.14.36518.9 d17.14
MinimumVisualStudioVersion = 10.0.40219.1
Project("{FAE04EC0-301F-11D3-BF4B-00C04F79EFBC}") = "Sortowanie", "Sortowanie\Sortowanie.csproj", "{4434F98D-3A98-41DD-88FC-60A3C2546DBD}"
EndProject
Project("{2150E333-8FDC-42A3-9474-1A3956D46DE8}") = "Solution Items", "Solution Items", "{8EC462FD-D22E-90A8-E5CE-7E832BA40C5D}"
	ProjectSection(SolutionItems) = preProject
		.gitignore = .gitignore
	EndProjectSection
EndProject
Project("{FAE04EC0-301F-11D3-BF4B-00C04F79EFBC}") = "Test", "Test\Test.csproj", "{91985FBB-7BEC-4C27-8804-2D1E52D1A62C}"
EndProject
Global
	GlobalSection(SolutionConfigurationPlatforms) = preSolution
		Debug|Any CPU = Debug|Any CPU
		Release|Any CPU = Release|Any CPU
	EndGlobalSection
	GlobalSection(ProjectConfigurationPlatforms) = postSolution
		{4434F98D-3A98-41DD-88FC-60A3C2546DBD}.Debug|Any CPU.ActiveCfg = Debug|Any CPU
		{4434F98D-3A98-41DD-88FC-60A3C2546DBD}.Debug|Any CPU.Build.0 = Debug|Any CPU
		{4434F98D-3A98-41DD-88FC-60A3C2546DBD}.Release|Any CPU.ActiveCfg = Release|Any CPU
		{4434F98D-3A98-41DD-88FC-60A3C2546DBD}.Release|Any CPU.Build.0 = Release|Any CPU
		{91985FBB-7BEC-4C27-8804-2D1E52D1A62C}.Debug|Any CPU.ActiveCfg = Debug|Any CPU
		{91985FBB-7BEC-4C27-8804-2D1E52D1A62C}.Debug|Any CPU.Build.0 = Debug|Any CPU
		{91985FBB-7BEC-4C27-8804-2D1E52D1A62C}.Release|Any CPU.ActiveCfg = Release|Any CPU
		{91985FBB-7BEC-4C27-8804-2D1E52D1A62C}.Release|Any CPU.Build.0 = Release|Any CPU
	EndGlobalSection
	GlobalSection(SolutionProperties) = preSolution
		HideSolutionNode = FALSE
	EndGlobalSection
	GlobalSection(ExtensibilityGlobals) = postSolution
		SolutionGuid = {489CD083-9FB7-421D-B0F5-A0083A25066D}
	EndGlobalSection
EndGlobal
